Microsoft Visual Studio Solution File, Format Version 12.00
# Visual Studio Version 17
VisualStudioVersion = 17.5.2.0
MinimumVisualStudioVersion = 10.0.40219.1
Project("{FAE04EC0-301F-11D3-BF4B-00C04F79EFBC}") = "RpgArena.UI", "RpgArena.UI.csproj", "{0066610F-B7CD-9D0A-3DB9-4FC3F3D603AF}"
EndProject
Global
	GlobalSection(SolutionConfigurationPlatforms) = preSolution
		Debug|Any CPU = Debug|Any CPU
		Release|Any CPU = Release|Any CPU
	EndGlobalSection
	GlobalSection(ProjectConfigurationPlatforms) = postSolution
		{0066610F-B7CD-9D0A-3DB9-4FC3F3D603AF}.Debug|Any CPU.ActiveCfg = Debug|Any CPU
		{0066610F-B7CD-9D0A-3DB9-4FC3F3D603AF}.Debug|Any CPU.Build.0 = Debug|Any CPU
		{0066610F-B7CD-9D0A-3DB9-4FC3F3D603AF}.Release|Any CPU.ActiveCfg = Release|Any CPU
		{0066610F-B7CD-9D0A-3DB9-4FC3F3D603AF}.Release|Any CPU.Build.0 = Release|Any CPU
	EndGlobalSection
	GlobalSection(SolutionProperties) = preSolution
		HideSolutionNode = FALSE
	EndGlobalSection
	GlobalSection(ExtensibilityGlobals) = postSolution
		SolutionGuid = {C544F8DF-0885-46B8-96A2-4553DF75D461}
	EndGlobalSection
EndGlobal
